
Microsoft Visual Studio Solution File, Format Version 12.00
# Visual Studio Version 17
VisualStudioVersion = 17.0.31903.59
MinimumVisualStudioVersion = 10.0.40219.1
Project("{FAE04EC0-301F-11D3-BF4B-00C04F79EFBC}") = "battleships.Domain", "battleships.Domain\battleships.Domain.csproj", "{1027CD58-6045-4007-B7AD-A43D2C05E7FC}"
EndProject
Project("{FAE04EC0-301F-11D3-BF4B-00C04F79EFBC}") = "battleships.Tests", "battleships.Tests\battleships.Tests.csproj", "{834D2698-E807-480E-88BA-3415D399625B}"
EndProject
Project("{FAE04EC0-301F-11D3-BF4B-00C04F79EFBC}") = "battleships.Console", "battleships.Console\battleships.Console.csproj", "{EA691AF8-6C79-4F48-A5CB-62B00A7BDF4A}"
EndProject
Global
	GlobalSection(SolutionConfigurationPlatforms) = preSolution
		Debug|Any CPU = Debug|Any CPU
		Release|Any CPU = Release|Any CPU
	EndGlobalSection
	GlobalSection(SolutionProperties) = preSolution
		HideSolutionNode = FALSE
	EndGlobalSection
	GlobalSection(ProjectConfigurationPlatforms) = postSolution
		{1027CD58-6045-4007-B7AD-A43D2C05E7FC}.Debug|Any CPU.ActiveCfg = Debug|Any CPU
		{1027CD58-6045-4007-B7AD-A43D2C05E7FC}.Debug|Any CPU.Build.0 = Debug|Any CPU
		{1027CD58-6045-4007-B7AD-A43D2C05E7FC}.Release|Any CPU.ActiveCfg = Release|Any CPU
		{1027CD58-6045-4007-B7AD-A43D2C05E7FC}.Release|Any CPU.Build.0 = Release|Any CPU
		{834D2698-E807-480E-88BA-3415D399625B}.Debug|Any CPU.ActiveCfg = Debug|Any CPU
		{834D2698-E807-480E-88BA-3415D399625B}.Debug|Any CPU.Build.0 = Debug|Any CPU
		{834D2698-E807-480E-88BA-3415D399625B}.Release|Any CPU.ActiveCfg = Release|Any CPU
		{834D2698-E807-480E-88BA-3415D399625B}.Release|Any CPU.Build.0 = Release|Any CPU
		{EA691AF8-6C79-4F48-A5CB-62B00A7BDF4A}.Debug|Any CPU.ActiveCfg = Debug|Any CPU
		{EA691AF8-6C79-4F48-A5CB-62B00A7BDF4A}.Debug|Any CPU.Build.0 = Debug|Any CPU
		{EA691AF8-6C79-4F48-A5CB-62B00A7BDF4A}.Release|Any CPU.ActiveCfg = Release|Any CPU
		{EA691AF8-6C79-4F48-A5CB-62B00A7BDF4A}.Release|Any CPU.Build.0 = Release|Any CPU
	EndGlobalSection
EndGlobal
